# THIS IS AN AUTOGENERATED FILE. DO NOT EDIT THIS FILE DIRECTLY.
# yarn lockfile v1


"@types/node@9.4.1":
  version "9.4.1"
  resolved "https://registry.yarnpkg.com/@types/node/-/node-9.4.1.tgz#0f636f7837e15d2d73a7f6f3ea0e322eb2a5ab65"

"@types/node@9.6.5":
  version "9.6.5"
  resolved "https://registry.yarnpkg.com/@types/node/-/node-9.6.5.tgz#ee700810fdf49ac1c399fc5980b7559b3e5a381d"

balanced-match@^1.0.0:
  version "1.0.0"
  resolved "https://registry.yarnpkg.com/balanced-match/-/balanced-match-1.0.0.tgz#89b4d199ab2bee49de164ea02b89ce462d71b767"

brace-expansion@^1.1.7:
  version "1.1.8"
  resolved "https://registry.yarnpkg.com/brace-expansion/-/brace-expansion-1.1.8.tgz#c07b211c7c952ec1f8efd51a77ef0d1d3990a292"
  dependencies:
    balanced-match "^1.0.0"
    concat-map "0.0.1"

commander@2.14.1:
  version "2.14.1"
  resolved "https://registry.yarnpkg.com/commander/-/commander-2.14.1.tgz#2235123e37af8ca3c65df45b026dbd357b01b9aa"

concat-map@0.0.1:
  version "0.0.1"
  resolved "https://registry.yarnpkg.com/concat-map/-/concat-map-0.0.1.tgz#d8a96bd77fd68df7793a73036a3ba0d5405d477b"

dms-conversion@3.1.0:
  version "3.1.0"
  resolved "https://registry.yarnpkg.com/dms-conversion/-/dms-conversion-3.1.0.tgz#52d264fda962aa199dbf4ac9f8e9ecf86d898df0"

fs.realpath@^1.0.0:
  version "1.0.0"
  resolved "https://registry.yarnpkg.com/fs.realpath/-/fs.realpath-1.0.0.tgz#1504ad2523158caa40db4a2787cb01411994ea4f"

glob@^7.0.5, glob@^7.0.6:
  version "7.1.2"
  resolved "https://registry.yarnpkg.com/glob/-/glob-7.1.2.tgz#c19c9df9a028702d678612384a6552404c636d15"
  dependencies:
    fs.realpath "^1.0.0"
    inflight "^1.0.4"
    inherits "2"
    minimatch "^3.0.4"
    once "^1.3.0"
    path-is-absolute "^1.0.0"

inflight@^1.0.4:
  version "1.0.6"
  resolved "https://registry.yarnpkg.com/inflight/-/inflight-1.0.6.tgz#49bd6331d7d02d0c09bc910a1075ba8165b56df9"
  dependencies:
    once "^1.3.0"
    wrappy "1"

inherits@2:
  version "2.0.3"
  resolved "https://registry.yarnpkg.com/inherits/-/inherits-2.0.3.tgz#633c2c83e3da42a502f52466022480f4208261de"

jasmine-core@~3.1.0:
  version "3.1.0"
  resolved "https://registry.yarnpkg.com/jasmine-core/-/jasmine-core-3.1.0.tgz#a4785e135d5df65024dfc9224953df585bd2766c"

jasmine@3.1.0:
  version "3.1.0"
  resolved "https://registry.yarnpkg.com/jasmine/-/jasmine-3.1.0.tgz#2bd59fd7ec6ec0e8acb64e09f45a68ed2ad1952a"
  dependencies:
    glob "^7.0.6"
    jasmine-core "~3.1.0"

minimatch@^3.0.4:
  version "3.0.4"
  resolved "https://registry.yarnpkg.com/minimatch/-/minimatch-3.0.4.tgz#5166e286457f03306064be5497e8dbb0c3d32083"
  dependencies:
    brace-expansion "^1.1.7"

moment@2.22.0:
  version "2.22.0"
  resolved "https://registry.yarnpkg.com/moment/-/moment-2.22.0.tgz#7921ade01017dd45186e7fee5f424f0b8663a730"

ntpclient@0.6.1:
  version "0.6.1"
  resolved "https://registry.yarnpkg.com/ntpclient/-/ntpclient-0.6.1.tgz#64d4fae86a986bbbc0129e38a29da1af601b8fb3"
  dependencies:
    "@types/node" "9.4.1"
    commander "2.14.1"

once@^1.3.0:
  version "1.4.0"
  resolved "https://registry.yarnpkg.com/once/-/once-1.4.0.tgz#583b1aa775961d4b113ac17d9c50baef9dd76bd1"
  dependencies:
    wrappy "1"

path-is-absolute@^1.0.0:
  version "1.0.1"
  resolved "https://registry.yarnpkg.com/path-is-absolute/-/path-is-absolute-1.0.1.tgz#174b9268735534ffbc7ace6bf53a5a9e1b5c5f5f"

prettier@1.11.1:
  version "1.11.1"
  resolved "https://registry.yarnpkg.com/prettier/-/prettier-1.11.1.tgz#61e43fc4cd44e68f2b0dfc2c38cd4bb0fccdcc75"

rimraf@2.6.2:
  version "2.6.2"
  resolved "https://registry.yarnpkg.com/rimraf/-/rimraf-2.6.2.tgz#2ed8150d24a16ea8651e6d6ef0f47c4158ce7a36"
  dependencies:
    glob "^7.0.5"

typescript@2.8.1:
  version "2.8.1"
  resolved "https://registry.yarnpkg.com/typescript/-/typescript-2.8.1.tgz#6160e4f8f195d5ba81d4876f9c0cc1fbc0820624"

wrappy@1:
  version "1.0.2"
  resolved "https://registry.yarnpkg.com/wrappy/-/wrappy-1.0.2.tgz#b5243d8f3ec1aa35f1364605bc0d1036e30ab69f"
